# This file is autogenerated, do not edit; changes may be undone by the next 'dep ensure'.


[[projects]]
  name = "github.com/Financial-Times/go-fthealth"
  packages = ["v1_1"]
  revision = "1b007e2b37b7936dfb6671fa17e5a29fd35a08ea"
  version = "0.4.0"

[[projects]]
  name = "github.com/Financial-Times/go-logger"
  packages = ["."]
  revision = "83fc3e64dc5506fdb4e56b704949d157a121c76c"
  version = "0.0.2"

[[projects]]
  name = "github.com/Financial-Times/kafka"
  packages = ["consumergroup"]
  revision = "928fd8736b844d2915f9b62b784ebcc824564146"
  version = "1.0.1-contexts-rc2"

[[projects]]
  name = "github.com/Financial-Times/kafka-client-go"
  packages = ["kafka"]
  revision = "c52d85a3e6cc9cc9052fc5910269f484f1501363"
  version = "0.9.0-blocking-consume-rc4"

[[projects]]
  name = "github.com/Financial-Times/service-status-go"
  packages = [
    "buildinfo",
    "gtg",
    "httphandlers"
  ]
  revision = "3f5199736a3d7ae52394c63aac36834786825e21"
  version = "0.1.0"

[[projects]]
  name = "github.com/Financial-Times/uuid-utils-go"
  packages = ["."]
  revision = "e22658edd0f130936e99079bf844bde7087c914c"
  version = "1.0.1"

[[projects]]
  name = "github.com/Shopify/sarama"
  packages = ["."]
  revision = "ec843464b50d4c8b56403ec9d589cf41ea30e722"
  version = "v1.19.0"

[[projects]]
  name = "github.com/davecgh/go-spew"
  packages = ["spew"]
  revision = "8991bc29aa16c548c550c7ff78260e27b9ab7c73"
  version = "v1.1.1"

[[projects]]
  name = "github.com/eapache/go-resiliency"
  packages = ["breaker"]
  revision = "b1fe83b5b03f624450823b751b662259ffc6af70"

[[projects]]
  name = "github.com/eapache/go-xerial-snappy"
  packages = ["."]
  revision = "bb955e01b9346ac19dc29eb16586c90ded99a98c"

[[projects]]
  name = "github.com/eapache/queue"
  packages = ["."]
  revision = "44cc805cf13205b55f69e14bcb69867d1ae92f98"
  version = "v1.1.0"

[[projects]]
  name = "github.com/golang/snappy"
  packages = ["."]
  revision = "553a641470496b2327abcac10b36396bd98e45c9"

[[projects]]
  name = "github.com/google/uuid"
  packages = ["."]
  revision = "9b3b1e0f5f99ae461456d768e7d301a7acdaa2d8"
  version = "v1.1.0"

[[projects]]
  name = "github.com/gorilla/context"
  packages = ["."]
  revision = "08b5f424b9271eedf6f9f0ce86cb9396ed337a42"
  version = "v1.1.1"

[[projects]]
  name = "github.com/gorilla/mux"
  packages = ["."]
  revision = "043ee6597c29786140136a5747b6a886364f5282"

[[projects]]
  name = "github.com/hashicorp/go-version"
  packages = ["."]
  revision = "03c5bf6be031b6dd45afec16b1cf94fc8938bc77"

[[projects]]
  name = "github.com/jawher/mow.cli"
  packages = ["."]
  revision = "8327d12beb75e6471b7f045588acc318d1147146"

[[projects]]
  name = "github.com/konsorten/go-windows-terminal-sequences"
  packages = ["."]
  revision = "5c8c8bd35d3832f5d134ae1e1e375b69a4d25242"
  version = "v1.0.1"

[[projects]]
  name = "github.com/pborman/uuid"
  packages = ["."]
  revision = "adf5a7427709b9deb95d29d3fa8a2bf9cfd388f1"
  version = "v1.2"

[[projects]]
  name = "github.com/pierrec/lz4"
  packages = ["."]
  revision = "5a3d2245f97fc249850e7802e3c01fad02a1c316"

[[projects]]
  name = "github.com/pierrec/xxHash"
  packages = ["xxHash32"]
  revision = "5a004441f897722c627870a981d02b29924215fa"

[[projects]]
  name = "github.com/pkg/errors"
  packages = ["."]
  revision = "645ef00459ed84a119197bfb8d8205042c6df63d"
  version = "v0.8.0"

[[projects]]
  name = "github.com/pmezard/go-difflib"
  packages = ["difflib"]
  revision = "792786c7400a136282c1664665ae0a8db921c6c2"
  version = "v1.0.0"

[[projects]]
  name = "github.com/rcrowley/go-metrics"
  packages = ["."]
  revision = "1f30fe9094a513ce4c700b9a54458bbb0c96996c"

[[projects]]
  name = "github.com/samuel/go-zookeeper"
  packages = ["zk"]
  revision = "1d7be4effb13d2d908342d349d71a284a7542693"

[[projects]]
  name = "github.com/sirupsen/logrus"
  packages = [
    ".",
    "hooks/test"
  ]
  revision = "bcd833dfe83d3cebad139e4a29ed79cb2318bf95"
  version = "v1.2.0"

[[projects]]
  name = "github.com/stretchr/testify"
  packages = [
    "assert",
    "require"
  ]
  revision = "4d4bfba8f1d1027c4fdbe371823030df51419987"

[[projects]]
  name = "github.com/twinj/uuid"
  packages = ["."]
  revision = "7bbe408d339787c56ec15568c947c0959db1b275"
  version = "v0.1.0"

[[projects]]
  name = "github.com/willf/bitset"
  packages = ["."]
  revision = "988f4f24992fc745de53c42df0da6581e42a6686"
  version = "v1.1.2"

[[projects]]
  name = "github.com/wvanbergen/kazoo-go"
  packages = ["."]
  revision = "968957352185472eacb69215fa3dbfcfdbac1096"

[[projects]]
  name = "golang.org/x/crypto"
  packages = ["ssh/terminal"]
  revision = "faadfbdc035307d901e69eea569f5dda451a3ee3"

[[projects]]
  name = "golang.org/x/sys"
  packages = [
    "unix",
    "windows"
  ]
  revision = "062cd7e4e68206d8bab9b18396626e855c992658"

[[projects]]
  branch = "master"
  name = "golang.org/x/time"
  packages = ["rate"]
  revision = "85acf8d2951cb2a3bde7632f9ff273ef0379bcbd"

[solve-meta]
  analyzer-name = "dep"
  analyzer-version = 1
  inputs-digest = "95c06c7aa27154b729d4f4efb8b66a08c796ab9ec44ba7cf7f8a07e72919b3ba"
  solver-name = "gps-cdcl"
  solver-version = 1
